// !$*UTF8*$!
{
	archiveVersion = 1;
	classes = {
	};
	objectVersion = 50;
	objects = {

/* Begin PBXBuildFile section */
		83F9DCE42322523B001D9278 /* AppDelegate.swift in Sources */ = {isa = PBXBuildFile; fileRef = 83F9DCE32322523B001D9278 /* AppDelegate.swift */; };
		83F9DCE62322523B001D9278 /* ViewController.swift in Sources */ = {isa = PBXBuildFile; fileRef = 83F9DCE52322523B001D9278 /* ViewController.swift */; };
		83F9DCE92322523B001D9278 /* Main.storyboard in Resources */ = {isa = PBXBuildFile; fileRef = 83F9DCE72322523B001D9278 /* Main.storyboard */; };
		83F9DCEC2322523B001D9278 /* VOXTest.xcdatamodeld in Sources */ = {isa = PBXBuildFile; fileRef = 83F9DCEA2322523B001D9278 /* VOXTest.xcdatamodeld */; };
		83F9DCEE2322523C001D9278 /* Assets.xcassets in Resources */ = {isa = PBXBuildFile; fileRef = 83F9DCED2322523C001D9278 /* Assets.xcassets */; };
		83F9DCF12322523C001D9278 /* LaunchScreen.storyboard in Resources */ = {isa = PBXBuildFile; fileRef = 83F9DCEF2322523C001D9278 /* LaunchScreen.storyboard */; };
/* End PBXBuildFile section */

/* Begin PBXFileReference section */
		83F9DCE02322523B001D9278 /* VOXTest.app */ = {isa = PBXFileReference; explicitFileType = wrapper.application; includeInIndex = 0; path = VOXTest.app; sourceTree = BUILT_PRODUCTS_DIR; };
		83F9DCE32322523B001D9278 /* AppDelegate.swift */ = {isa = PBXFileReference; lastKnownFileType = sourcecode.swift; path = AppDelegate.swift; sourceTree = "<group>"; };
		83F9DCE52322523B001D9278 /* ViewController.swift */ = {isa = PBXFileReference; lastKnownFileType = sourcecode.swift; path = ViewController.swift; sourceTree = "<group>"; };
		83F9DCE82322523B001D9278 /* Base */ = {isa = PBXFileReference; lastKnownFileType = file.storyboard; name = Base; path = Base.lproj/Main.storyboard; sourceTree = "<group>"; };
		83F9DCEB2322523B001D9278 /* VOXTest.xcdatamodel */ = {isa = PBXFileReference; lastKnownFileType = wrapper.xcdatamodel; path = VOXTest.xcdatamodel; sourceTree = "<group>"; };
		83F9DCED2322523C001D9278 /* Assets.xcassets */ = {isa = PBXFileReference; lastKnownFileType = folder.assetcatalog; path = Assets.xcassets; sourceTree = "<group>"; };
		83F9DCF02322523C001D9278 /* Base */ = {isa = PBXFileReference; lastKnownFileType = file.storyboard; name = Base; path = Base.lproj/LaunchScreen.storyboard; sourceTree = "<group>"; };
		83F9DCF22322523C001D9278 /* Info.plist */ = {isa = PBXFileReference; lastKnownFileType = text.plist.xml; path = Info.plist; sourceTree = "<group>"; };
/* End PBXFileReference section */

/* Begin PBXFrameworksBuildPhase section */
		83F9DCDD2322523B001D9278 /* Frameworks */ = {
			isa = PBXFrameworksBuildPhase;
			buildActionMask = 2147483647;
			files = (
			);
			runOnlyForDeploymentPostprocessing = 0;
		};
/* End PBXFrameworksBuildPhase section */

/* Begin PBXGroup section */
		83F9DCD72322523B001D9278 = {
			isa = PBXGroup;
			children = (
				83F9DCE22322523B001D9278 /* VOXTest */,
				83F9DCE12322523B001D9278 /* Products */,
			);
			sourceTree = "<group>";
		};
		83F9DCE12322523B001D9278 /* Products */ = {
			isa = PBXGroup;
			children = (
				83F9DCE02322523B001D9278 /* VOXTest.app */,
			);
			name = Products;
			sourceTree = "<group>";
		};
		83F9DCE22322523B001D9278 /* VOXTest */ = {
			isa = PBXGroup;
			children = (
				83F9DCE32322523B001D9278 /* AppDelegate.swift */,
				83F9DCE52322523B001D9278 /* ViewController.swift */,
				83F9DCE72322523B001D9278 /* Main.storyboard */,
				83F9DCED2322523C001D9278 /* Assets.xcassets */,
				83F9DCEF2322523C001D9278 /* LaunchScreen.storyboard */,
				83F9DCF22322523C001D9278 /* Info.plist */,
				83F9DCEA2322523B001D9278 /* VOXTest.xcdatamodeld */,
			);
			path = VOXTest;
			sourceTree = "<group>";
		};
/* End PBXGroup section */

/* Begin PBXNativeTarget section */
		83F9DCDF2322523B001D9278 /* VOXTest */ = {
			isa = PBXNativeTarget;
			buildConfigurationList = 83F9DCF52322523C001D9278 /* Build configuration list for PBXNativeTarget "VOXTest" */;
			buildPhases = (
				83F9DCDC2322523B001D9278 /* Sources */,
				83F9DCDD2322523B001D9278 /* Frameworks */,
				83F9DCDE2322523B001D9278 /* Resources */,
			);
			buildRules = (
			);
			dependencies = (
			);
			name = VOXTest;
			productName = VOXTest;
			productReference = 83F9DCE02322523B001D9278 /* VOXTest.app */;
			productType = "com.apple.product-type.application";
		};
/* End PBXNativeTarget section */

/* Begin PBXProject section */
		83F9DCD82322523B001D9278 /* Project object */ = {
			isa = PBXProject;
			attributes = {
				LastSwiftUpdateCheck = 1030;
				LastUpgradeCheck = 1030;
				ORGANIZATIONNAME = "Andrew Vashulenko";
				TargetAttributes = {
					83F9DCDF2322523B001D9278 = {
						CreatedOnToolsVersion = 10.3;
					};
				};
			};
			buildConfigurationList = 83F9DCDB2322523B001D9278 /* Build configuration list for PBXProject "VOXTest" */;
			compatibilityVersion = "Xcode 9.3";
			developmentRegion = en;
			hasScannedForEncodings = 0;
			knownRegions = (
				en,
				Base,
			);
			mainGroup = 83F9DCD72322523B001D9278;
			productRefGroup = 83F9DCE12322523B001D9278 /* Products */;
			projectDirPath = "";
			projectRoot = "";
			targets = (
				83F9DCDF2322523B001D9278 /* VOXTest */,
			);
		};
/* End PBXProject section */

/* Begin PBXResourcesBuildPhase section */
		83F9DCDE2322523B001D9278 /* Resources */ = {
			isa = PBXResourcesBuildPhase;
			buildActionMask = 2147483647;
			files = (
				83F9DCF12322523C001D9278 /* LaunchScreen.storyboard in Resources */,
				83F9DCEE2322523C001D9278 /* Assets.xcassets in Resources */,
				83F9DCE92322523B001D9278 /* Main.storyboard in Resources */,
			);
			runOnlyForDeploymentPostprocessing = 0;
		};
/* End PBXResourcesBuildPhase section */

/* Begin PBXSourcesBuildPhase section */
		83F9DCDC2322523B001D9278 /* Sources */ = {
			isa = PBXSourcesBuildPhase;
			buildActionMask = 2147483647;
			files = (
				83F9DCE62322523B001D9278 /* ViewController.swift in Sources */,
				83F9DCE42322523B001D9278 /* AppDelegate.swift in Sources */,
				83F9DCEC2322523B001D9278 /* VOXTest.xcdatamodeld in Sources */,
			);
			runOnlyForDeploymentPostprocessing = 0;
		};
/* End PBXSourcesBuildPhase section */

/* Begin PBXVariantGroup section */
		83F9DCE72322523B001D9278 /* Main.storyboard */ = {
			isa = PBXVariantGroup;
			children = (
				83F9DCE82322523B001D9278 /* Base */,
			);
			name = Main.storyboard;
			sourceTree = "<group>";
		};
		83F9DCEF2322523C001D9278 /* LaunchScreen.storyboard */ = {
			isa = PBXVariantGroup;
			children = (
				83F9DCF02322523C001D9278 /* Base */,
			);
			name = LaunchScreen.storyboard;
			sourceTree = "<group>";
		};
/* End PBXVariantGroup section */

/* Begin XCBuildConfiguration section */
		83F9DCF32322523C001D9278 /* Debug */ = {
			isa = XCBuildConfiguration;
			buildSettings = {
				ALWAYS_SEARCH_USER_PATHS = NO;
				CLANG_ANALYZER_NONNULL = YES;
				CLANG_ANALYZER_NUMBER_OBJECT_CONVERSION = YES_AGGRESSIVE;
				CLANG_CXX_LANGUAGE_STANDARD = "gnu++14";
				CLANG_CXX_LIBRARY = "libc++";
				CLANG_ENABLE_MODULES = YES;
				CLANG_ENABLE_OBJC_ARC = YES;
				CLANG_ENABLE_OBJC_WEAK = YES;
				CLANG_WARN_BLOCK_CAPTURE_AUTORELEASING = YES;
				CLANG_WARN_BOOL_CONVERSION = YES;
				CLANG_WARN_COMMA = YES;
				CLANG_WARN_CONSTANT_CONVERSION = YES;
				CLANG_WARN_DEPRECATED_OBJC_IMPLEMENTATIONS = YES;
				CLANG_WARN_DIRECT_OBJC_ISA_USAGE = YES_ERROR;
				CLANG_WARN_DOCUMENTATION_COMMENTS = YES;
				CLANG_WARN_EMPTY_BODY = YES;
				CLANG_WARN_ENUM_CONVERSION = YES;
				CLANG_WARN_INFINITE_RECURSION = YES;
				CLANG_WARN_INT_CONVERSION = YES;
				CLANG_WARN_NON_LITERAL_NULL_CONVERSION = YES;
				CLANG_WARN_OBJC_IMPLICIT_RETAIN_SELF = YES;
				CLANG_WARN_OBJC_LITERAL_CONVERSION = YES;
				CLANG_WARN_OBJC_ROOT_CLASS = YES_ERROR;
				CLANG_WARN_RANGE_LOOP_ANALYSIS = YES;
				CLANG_WARN_STRICT_PROTOTYPES = YES;
				CLANG_WARN_SUSPICIOUS_MOVE = YES;
				CLANG_WARN_UNGUARDED_AVAILABILITY = YES_AGGRESSIVE;
				CLANG_WARN_UNREACHABLE_CODE = YES;
				CLANG_WARN__DUPLICATE_METHOD_MATCH = YES;
				CODE_SIGN_IDENTITY = "iPhone Developer";
				COPY_PHASE_STRIP = NO;
				DEBUG_INFORMATION_FORMAT = dwarf;
				ENABLE_STRICT_OBJC_MSGSEND = YES;
				ENABLE_TESTABILITY = YES;
				GCC_C_LANGUAGE_STANDARD = gnu11;
				GCC_DYNAMIC_NO_PIC = NO;
				GCC_NO_COMMON_BLOCKS = YES;
				GCC_OPTIMIZATION_LEVEL = 0;
				GCC_PREPROCESSOR_DEFINITIONS = (
					"DEBUG=1",
					"$(inherited)",
				);
				GCC_WARN_64_TO_32_BIT_CONVERSION = YES;
				GCC_WARN_ABOUT_RETURN_TYPE = YES_ERROR;
				GCC_WARN_UNDECLARED_SELECTOR = YES;
				GCC_WARN_UNINITIALIZED_AUTOS = YES_AGGRESSIVE;
				GCC_WARN_UNUSED_FUNCTION = YES;
				GCC_WARN_UNUSED_VARIABLE = YES;
				IPHONEOS_DEPLOYMENT_TARGET = 12.4;
				MTL_ENABLE_DEBUG_INFO = INCLUDE_SOURCE;
				MTL_FAST_MATH = YES;
				ONLY_ACTIVE_ARCH = YES;
				SDKROOT = iphoneos;
				SWIFT_ACTIVE_COMPILATION_CONDITIONS = DEBUG;
				SWIFT_OPTIMIZATION_LEVEL = "-Onone";
			};
			name = Debug;
		};
		83F9DCF42322523C001D9278 /* Release */ = {
			isa = XCBuildConfiguration;
			buildSettings = {
				ALWAYS_SEARCH_USER_PATHS = NO;
				CLANG_ANALYZER_NONNULL = YES;
				CLANG_ANALYZER_NUMBER_OBJECT_CONVERSION = YES_AGGRESSIVE;
				CLANG_CXX_LANGUAGE_STANDARD = "gnu++14";
				CLANG_CXX_LIBRARY = "libc++";
				CLANG_ENABLE_MODULES = YES;
				CLANG_ENABLE_OBJC_ARC = YES;
				CLANG_ENABLE_OBJC_WEAK = YES;
				CLANG_WARN_BLOCK_CAPTURE_AUTORELEASING = YES;
				CLANG_WARN_BOOL_CONVERSION = YES;
				CLANG_WARN_COMMA = YES;
				CLANG_WARN_CONSTANT_CONVERSION = YES;
				CLANG_WARN_DEPRECATED_OBJC_IMPLEMENTATIONS = YES;
				CLANG_WARN_DIRECT_OBJC_ISA_USAGE = YES_ERROR;
				CLANG_WARN_DOCUMENTATION_COMMENTS = YES;
				CLANG_WARN_EMPTY_BODY = YES;
				CLANG_WARN_ENUM_CONVERSION = YES;
				CLANG_WARN_INFINITE_RECURSION = YES;
				CLANG_WARN_INT_CONVERSION = YES;
				CLANG_WARN_NON_LITERAL_NULL_CONVERSION = YES;
				CLANG_WARN_OBJC_IMPLICIT_RETAIN_SELF = YES;
				CLANG_WARN_OBJC_LITERAL_CONVERSION = YES;
				CLANG_WARN_OBJC_ROOT_CLASS = YES_ERROR;
				CLANG_WARN_RANGE_LOOP_ANALYSIS = YES;
				CLANG_WARN_STRICT_PROTOTYPES = YES;
				CLANG_WARN_SUSPICIOUS_MOVE = YES;
				CLANG_WARN_UNGUARDED_AVAILABILITY = YES_AGGRESSIVE;
				CLANG_WARN_UNREACHABLE_CODE = YES;
				CLANG_WARN__DUPLICATE_METHOD_MATCH = YES;
				CODE_SIGN_IDENTITY = "iPhone Developer";
				COPY_PHASE_STRIP = NO;
				DEBUG_INFORMATION_FORMAT = "dwarf-with-dsym";
				ENABLE_NS_ASSERTIONS = NO;
				ENABLE_STRICT_OBJC_MSGSEND = YES;
				GCC_C_LANGUAGE_STANDARD = gnu11;
				GCC_NO_COMMON_BLOCKS = YES;
				GCC_WARN_64_TO_32_BIT_CONVERSION = YES;
				GCC_WARN_ABOUT_RETURN_TYPE = YES_ERROR;
				GCC_WARN_UNDECLARED_SELECTOR = YES;
				GCC_WARN_UNINITIALIZED_AUTOS = YES_AGGRESSIVE;
				GCC_WARN_UNUSED_FUNCTION = YES;
				GCC_WARN_UNUSED_VARIABLE = YES;
				IPHONEOS_DEPLOYMENT_TARGET = 12.4;
				MTL_ENABLE_DEBUG_INFO = NO;
				MTL_FAST_MATH = YES;
				SDKROOT = iphoneos;
				SWIFT_COMPILATION_MODE = wholemodule;
				SWIFT_OPTIMIZATION_LEVEL = "-O";
				VALIDATE_PRODUCT = YES;
			};
			name = Release;
		};
		83F9DCF62322523C001D9278 /* Debug */ = {
			isa = XCBuildConfiguration;
			buildSettings = {
				ASSETCATALOG_COMPILER_APPICON_NAME = AppIcon;
				CODE_SIGN_STYLE = Automatic;
				DEVELOPMENT_TEAM = UBGU9698UC;
				INFOPLIST_FILE = VOXTest/Info.plist;
				LD_RUNPATH_SEARCH_PATHS = (
					"$(inherited)",
					"@executable_path/Frameworks",
				);
				PRODUCT_BUNDLE_IDENTIFIER = com.andrewVashulenko.VOXTest;
				PRODUCT_NAME = "$(TARGET_NAME)";
				SWIFT_VERSION = 5.0;
				TARGETED_DEVICE_FAMILY = "1,2";
			};
			name = Debug;
		};
		83F9DCF72322523C001D9278 /* Release */ = {
			isa = XCBuildConfiguration;
			buildSettings = {
				ASSETCATALOG_COMPILER_APPICON_NAME = AppIcon;
				CODE_SIGN_STYLE = Automatic;
				DEVELOPMENT_TEAM = UBGU9698UC;
				INFOPLIST_FILE = VOXTest/Info.plist;
				LD_RUNPATH_SEARCH_PATHS = (
					"$(inherited)",
					"@executable_path/Frameworks",
				);
				PRODUCT_BUNDLE_IDENTIFIER = com.andrewVashulenko.VOXTest;
				PRODUCT_NAME = "$(TARGET_NAME)";
				SWIFT_VERSION = 5.0;
				TARGETED_DEVICE_FAMILY = "1,2";
			};
			name = Release;
		};
/* End XCBuildConfiguration section */

/* Begin XCConfigurationList section */
		83F9DCDB2322523B001D9278 /* Build configuration list for PBXProject "VOXTest" */ = {
			isa = XCConfigurationList;
			buildConfigurations = (
				83F9DCF32322523C001D9278 /* Debug */,
				83F9DCF42322523C001D9278 /* Release */,
			);
			defaultConfigurationIsVisible = 0;
			defaultConfigurationName = Release;
		};
		83F9DCF52322523C001D9278 /* Build configuration list for PBXNativeTarget "VOXTest" */ = {
			isa = XCConfigurationList;
			buildConfigurations = (
				83F9DCF62322523C001D9278 /* Debug */,
				83F9DCF72322523C001D9278 /* Release */,
			);
			defaultConfigurationIsVisible = 0;
			defaultConfigurationName = Release;
		};
/* End XCConfigurationList section */

/* Begin XCVersionGroup section */
		83F9DCEA2322523B001D9278 /* VOXTest.xcdatamodeld */ = {
			isa = XCVersionGroup;
			children = (
				83F9DCEB2322523B001D9278 /* VOXTest.xcdatamodel */,
			);
			currentVersion = 83F9DCEB2322523B001D9278 /* VOXTest.xcdatamodel */;
			path = VOXTest.xcdatamodeld;
			sourceTree = "<group>";
			versionGroupType = wrapper.xcdatamodel;
		};
/* End XCVersionGroup section */
	};
	rootObject = 83F9DCD82322523B001D9278 /* Project object */;
}
